
Microsoft Visual Studio Solution File, Format Version 12.00
# Visual Studio 15
VisualStudioVersion = 15.0.28307.902
MinimumVisualStudioVersion = 10.0.40219.1
Project("{FAE04EC0-301F-11D3-BF4B-00C04F79EFBC}") = "MVC_CRUD_ADO_DOT_NET_STORPROCEDURE", "MVC_CRUD_ADO_DOT_NET_STORPROCEDURE\MVC_CRUD_ADO_DOT_NET_STORPROCEDURE.csproj", "{C6050406-F69A-452B-9ACF-C751E3B810A3}"
EndProject
Global
	GlobalSection(SolutionConfigurationPlatforms) = preSolution
		Debug|Any CPU = Debug|Any CPU
		Release|Any CPU = Release|Any CPU
	EndGlobalSection
	GlobalSection(ProjectConfigurationPlatforms) = postSolution
		{C6050406-F69A-452B-9ACF-C751E3B810A3}.Debug|Any CPU.ActiveCfg = Debug|Any CPU
		{C6050406-F69A-452B-9ACF-C751E3B810A3}.Debug|Any CPU.Build.0 = Debug|Any CPU
		{C6050406-F69A-452B-9ACF-C751E3B810A3}.Release|Any CPU.ActiveCfg = Release|Any CPU
		{C6050406-F69A-452B-9ACF-C751E3B810A3}.Release|Any CPU.Build.0 = Release|Any CPU
	EndGlobalSection
	GlobalSection(SolutionProperties) = preSolution
		HideSolutionNode = FALSE
	EndGlobalSection
	GlobalSection(ExtensibilityGlobals) = postSolution
		SolutionGuid = {F51025AB-D65C-490B-9F79-D481808CA694}
	EndGlobalSection
EndGlobal
